{
  "lockfile-version": 1,
  "manifest": {
    "version": 1,
    "install": {
      "hugo": {
        "pkg-path": "hugo"
      },
      "nodejs_22": {
        "pkg-path": "nodejs_22"
      },
      "yarn": {
        "pkg-path": "yarn"
      }
    },
    "vars": {
      "CLICOLOR": "1",
      "FLOX_DISABLE_METRICS": "true",
      "FLX_VERBOSE": "${FLOX_VERBOSE:-}"
    },
    "hook": {
      "on-activate": "[[ ! -z \"${FLX_VERBOSE}\" ]] && echo \"##################################################\";\n[[ ! -z \"${FLX_VERBOSE}\" ]] && echo \"########## FLOX ACTIVATE...\";\n\n# alias lss='ls -alshF --color=auto'\nlss () {\n    command ls -alshF --color=auto \"$@\"\n}\n\n# PWD=$(pwd);\n# [[ ! -z \"${FLX_VERBOSE}\" ]] && echo \"-----> PWD: ${PWD}\";\n# unset PWD\n\n#FLOX_ENV_PROJECT\n#_FLOX_ENV_LOG_DIR\n#FLOX_CACHE_DIR=\"$(dirname ${FLOX_ENV_CACHE})\"\n#FLOX_CACHE_DIR=\"$(realpath ${FLOX_ENV_CACHE})\"\nFLOX_CACHE_DIR=\"${FLOX_ENV_CACHE}\"\n[[ ! -z \"${FLX_VERBOSE}\" ]] && echo \"-----> FLOX_CACHE_DIR: ${FLOX_CACHE_DIR}\";\n\nif [[ ! -z \"${FLX_VERBOSE}\" ]]; then\n\necho \"=====> NODE VERSION: $(node --version)\";\nWHICH_NODE=$(which node);\necho \".....> NODE WHICH: ${WHICH_NODE}\";\nlss \"${WHICH_NODE}\";\nunset WHICH_NODE\n\necho \"=====> NPM VERSION (init): $(npm --version)\";\nWHICH_NPM=$(which npm);\necho \".....> NPM WHICH: ${WHICH_NPM}\";\nlss \"${WHICH_NPM}\";\nunset WHICH_NPM\n\necho \"=====> YARN VERSION: $(yarn --version)\";\nWHICH_YARN=$(which yarn);\necho \".....> YARN WHICH: ${WHICH_YARN}\";\nlss \"${WHICH_YARN}\";\nunset WHICH_YARN\n\necho \"=====> HUGO VERSION: $(hugo version)\";\nWHICH_HUGO=$(which hugo);\necho \".....> HUGO WHICH: ${WHICH_HUGO}\";\nlss \"${WHICH_HUGO}\";\nunset WHICH_HUGO\n\necho \"-----> NPM CONFIG PREFIX (init): $(npm config get prefix)\";\necho \"-----> NPM_CONFIG_PREFIX (init): ${NPM_CONFIG_PREFIX}\";\n\necho \"-----> NPM CONFIG CACHE (init): $(npm config get cache)\"\necho \"-----> NPM_CONFIG_CACHE (init): ${NPM_CONFIG_CACHE}\";\n\necho \"-----> YARN CONFIG CACHE (init): $(yarn config get cache-folder)\"\necho \"-----> YARN CACHE DIR (init): $(yarn cache dir)\";\necho \"-----> YARN_CACHE_DIR (init): ${YARN_CACHE_DIR}\";\necho \"-----> YARN_CACHE_FOLDER (init): ${YARN_CACHE_FOLDER}\";\n\nfi\n\n# envName=\"${_FLOX_ACTIVE_ENVIRONMENTS##:*}\";\n#echo \"${envName}\";\n#export NPM_CONFIG_PREFIX=\"/tmp/${envName}-npm\";\n\nexport NPM_CONFIG_PREFIX=\"${FLOX_CACHE_DIR}/NPM_PREFIX\";\n#### rm -rf \"$NPM_CONFIG_PREFIX\";\nmkdir -p \"$NPM_CONFIG_PREFIX\";\nif [[ ! -z \"${FLX_VERBOSE}\" ]]; then\necho \"-----> NPM CONFIG PREFIX: $(npm config get prefix)\";\necho \"-----> NPM_CONFIG_PREFIX: ${NPM_CONFIG_PREFIX}\";\nlss \"$NPM_CONFIG_PREFIX\";\nlss \"$NPM_CONFIG_PREFIX/bin\";\nlss \"$NPM_CONFIG_PREFIX/lib\";\nlss \"$NPM_CONFIG_PREFIX/lib/node_modules\";\nfi\n\nexport NPM_CONFIG_CACHE=\"${FLOX_CACHE_DIR}/NPM_CACHE\";\n#### rm -rf \"$NPM_CONFIG_CACHE\";\nmkdir -p \"$NPM_CONFIG_CACHE\";\nif [[ ! -z \"${FLX_VERBOSE}\" ]]; then\necho \"-----> NPM CONFIG CACHE: $(npm config get cache)\"\necho \"-----> NPM_CONFIG_CACHE: ${NPM_CONFIG_CACHE}\";\nlss \"$NPM_CONFIG_CACHE\";\nfi\n\nexport YARN_CACHE_DIR=\"${FLOX_CACHE_DIR}/YARN_CACHE\";\nexport YARN_CACHE_FOLDER=\"${YARN_CACHE_DIR}\";\nyarn config set cache-folder \"${YARN_CACHE_DIR}\" 1>/dev/null;\n#### rm -rf \"$YARN_CACHE_DIR\";\nmkdir -p \"$YARN_CACHE_DIR\";\nif [[ ! -z \"${FLX_VERBOSE}\" ]]; then\necho \"-----> YARN CONFIG CACHE: $(yarn config get cache-folder)\"\necho \"-----> YARN CACHE DIR: $(yarn cache dir)\";\necho \"-----> YARN_CACHE_DIR: ${YARN_CACHE_DIR}\";\nlss \"$YARN_CACHE_DIR\";\nfi\n\nunset FLOX_CACHE_DIR\n\n[[ ! -z \"${FLX_VERBOSE}\" ]] && echo \"-----> NODE_PATH (init): ${NODE_PATH}\";\nexport NODE_PATH=\"$NPM_CONFIG_PREFIX/lib/node_modules${NODE_PATH:+:$NODE_PATH}\";\n[[ ! -z \"${FLX_VERBOSE}\" ]] && echo \"-----> NODE_PATH: ${NODE_PATH}\";\n\nexport PATH=\"$NPM_CONFIG_PREFIX/bin:$PATH\";\n\nnpm install -g npm --foreground-scripts 1>/dev/null\nnpm install -g npm-check-updates --foreground-scripts 1>/dev/null\n"
    },
    "profile": {
      "common": "[[ ! -z \"${FLX_VERBOSE}\" ]] && echo \"##################################################\";\n[[ ! -z \"${FLX_VERBOSE}\" ]] && echo \"########## FLOX PROFILE COMMON (${SHELL})...\";\n\nalias lss='ls -alshF --color=auto'\nalias flx='flox activate'\nalias flxx='FLOX_VERBOSE=1 flox activate'\n\n# PWD=$(pwd);\n# [[ ! -z \"${FLX_VERBOSE}\" ]] && echo \"-----> PWD: ${PWD}\";\n# unset PWD\n\nif [[ ! -z \"${FLX_VERBOSE}\" ]]; then\n\necho \"=====> NODE VERSION: $(node --version)\";\nWHICH_NODE=$(which node);\necho \".....> NODE WHICH: ${WHICH_NODE}\";\nlss \"${WHICH_NODE}\";\nunset WHICH_NODE\n\necho \"=====> NPM VERSION: $(npm --version)\";\nWHICH_NPM=$(which npm);\necho \".....> NPM WHICH: ${WHICH_NPM}\";\nlss \"${WHICH_NPM}\";\nunset WHICH_NPM\n\necho \"=====> YARN VERSION: $(yarn --version)\";\nWHICH_YARN=$(which yarn);\necho \".....> YARN WHICH: ${WHICH_YARN}\";\nlss \"${WHICH_YARN}\";\nunset WHICH_YARN\n\necho \"-----> NPM CONFIG PREFIX: $(npm config get prefix)\";\necho \"-----> NPM_CONFIG_PREFIX: ${NPM_CONFIG_PREFIX}\";\n\necho \"-----> NPM CONFIG CACHE: $(npm config get cache)\"\necho \"-----> NPM_CONFIG_CACHE: ${NPM_CONFIG_CACHE}\";\n\necho \"-----> YARN CONFIG CACHE: $(yarn config get cache-folder)\"\necho \"-----> YARN CACHE DIR: $(yarn cache dir)\";\necho \"-----> YARN_CACHE_DIR: ${YARN_CACHE_DIR}\";\necho \"-----> YARN_CACHE_FOLDER: ${YARN_CACHE_FOLDER}\";\n\necho \"=====> NCU VERSION: $(ncu --version)\";\nWHICH_NCU=$(which ncu);\necho \".....> NCU WHICH: ${WHICH_NCU}\";\nlss \"${WHICH_NCU}\";\nunset WHICH_NCU\n\necho \"=====> HUGO VERSION: $(hugo version)\";\nWHICH_HUGO=$(which hugo);\necho \".....> HUGO WHICH: ${WHICH_HUGO}\";\nlss \"${WHICH_HUGO}\";\nunset WHICH_HUGO\n\necho \"=====> GIT VERSION: $(git --version)\";\nWHICH_GIT=$(which git);\necho \".....> GIT WHICH: ${WHICH_GIT}\";\nlss \"${WHICH_GIT}\";\nunset WHICH_GIT\n\nENV=$(env);\necho \"-----> ENV: ${ENV}\";\necho \"||||||||||||||||||||||||||\";\n\necho \"-----> APPLEID: ${APPLEID}\";\necho \"-----> APPLEIDTEAM: ${APPLEIDTEAM}\";\necho \"-----> APPLEIDPASS: ${APPLEIDPASS}\";\necho \"-----> SKIP_NOTARIZE: ${SKIP_NOTARIZE}\";\necho \"-----> CSC_NAME: ${CSC_NAME}\";\n\necho \"-----> DEBUG: ${DEBUG}\";\n\necho \"-----> USER: ${USER}\";\necho \"-----> USERNAME: ${USERNAME}\";\n\necho \"-----> NODE_ENV: ${NODE_ENV}\";\n\ngit branch\ngit status\n\nfi\n"
    },
    "options": {
      "systems": [
        "aarch64-darwin",
        "aarch64-linux",
        "x86_64-darwin",
        "x86_64-linux"
      ],
      "allow": {
        "licenses": []
      },
      "semver": {}
    }
  },
  "packages": [
    {
      "attr_path": "hugo",
      "broken": false,
      "derivation": "/nix/store/l9b1x4in17bb5w2lfm75aqb1kf78wzq0-hugo-0.140.2.drv",
      "description": "Fast and modern static website engine",
      "install_id": "hugo",
      "license": "Apache-2.0",
      "locked_url": "https://github.com/flox/nixpkgs?rev=5df43628fdf08d642be8ba5b3625a6c70731c19c",
      "name": "hugo-0.140.2",
      "pname": "hugo",
      "rev": "5df43628fdf08d642be8ba5b3625a6c70731c19c",
      "rev_count": 738982,
      "rev_date": "2025-01-16T21:27:11Z",
      "scrape_date": "2025-01-18T00:14:56Z",
      "stabilities": [
        "unstable"
      ],
      "unfree": false,
      "version": "0.140.2",
      "outputs_to_install": [
        "out"
      ],
      "outputs": {
        "out": "/nix/store/99qng10gjfhj2nw0mq2wabicym862abg-hugo-0.140.2"
      },
      "system": "aarch64-darwin",
      "group": "toplevel",
      "priority": 5
    },
    {
      "attr_path": "hugo",
      "broken": false,
      "derivation": "/nix/store/pdbx7ymld3xsjpqpv1cfpq8ayii70kkm-hugo-0.140.2.drv",
      "description": "Fast and modern static website engine",
      "install_id": "hugo",
      "license": "Apache-2.0",
      "locked_url": "https://github.com/flox/nixpkgs?rev=5df43628fdf08d642be8ba5b3625a6c70731c19c",
      "name": "hugo-0.140.2",
      "pname": "hugo",
      "rev": "5df43628fdf08d642be8ba5b3625a6c70731c19c",
      "rev_count": 738982,
      "rev_date": "2025-01-16T21:27:11Z",
      "scrape_date": "2025-01-18T00:14:56Z",
      "stabilities": [
        "unstable"
      ],
      "unfree": false,
      "version": "0.140.2",
      "outputs_to_install": [
        "out"
      ],
      "outputs": {
        "out": "/nix/store/i3akr4y3g4rdg5w64q8pis69drz02ayl-hugo-0.140.2"
      },
      "system": "aarch64-linux",
      "group": "toplevel",
      "priority": 5
    },
    {
      "attr_path": "hugo",
      "broken": false,
      "derivation": "/nix/store/hy8mk3ilgj2xy7jgr108ywx135bkbg62-hugo-0.140.2.drv",
      "description": "Fast and modern static website engine",
      "install_id": "hugo",
      "license": "Apache-2.0",
      "locked_url": "https://github.com/flox/nixpkgs?rev=5df43628fdf08d642be8ba5b3625a6c70731c19c",
      "name": "hugo-0.140.2",
      "pname": "hugo",
      "rev": "5df43628fdf08d642be8ba5b3625a6c70731c19c",
      "rev_count": 738982,
      "rev_date": "2025-01-16T21:27:11Z",
      "scrape_date": "2025-01-18T00:14:56Z",
      "stabilities": [
        "unstable"
      ],
      "unfree": false,
      "version": "0.140.2",
      "outputs_to_install": [
        "out"
      ],
      "outputs": {
        "out": "/nix/store/ml5dbdn7cs77fz47sr5fklafidg609ln-hugo-0.140.2"
      },
      "system": "x86_64-darwin",
      "group": "toplevel",
      "priority": 5
    },
    {
      "attr_path": "hugo",
      "broken": false,
      "derivation": "/nix/store/fgbz6xl3ih29a2a54hzvcxsfdzk98p0m-hugo-0.140.2.drv",
      "description": "Fast and modern static website engine",
      "install_id": "hugo",
      "license": "Apache-2.0",
      "locked_url": "https://github.com/flox/nixpkgs?rev=5df43628fdf08d642be8ba5b3625a6c70731c19c",
      "name": "hugo-0.140.2",
      "pname": "hugo",
      "rev": "5df43628fdf08d642be8ba5b3625a6c70731c19c",
      "rev_count": 738982,
      "rev_date": "2025-01-16T21:27:11Z",
      "scrape_date": "2025-01-18T00:14:56Z",
      "stabilities": [
        "unstable"
      ],
      "unfree": false,
      "version": "0.140.2",
      "outputs_to_install": [
        "out"
      ],
      "outputs": {
        "out": "/nix/store/6yvswihirak2nyj52w37mm0m3lrwvkvm-hugo-0.140.2"
      },
      "system": "x86_64-linux",
      "group": "toplevel",
      "priority": 5
    },
    {
      "attr_path": "nodejs_22",
      "broken": false,
      "derivation": "/nix/store/0awxmh2gnklcbkn7y79znyj1jbwj97s4-nodejs-22.11.0.drv",
      "description": "Event-driven I/O framework for the V8 JavaScript engine",
      "install_id": "nodejs_22",
      "license": "MIT",
      "locked_url": "https://github.com/flox/nixpkgs?rev=5df43628fdf08d642be8ba5b3625a6c70731c19c",
      "name": "nodejs-22.11.0",
      "pname": "nodejs_22",
      "rev": "5df43628fdf08d642be8ba5b3625a6c70731c19c",
      "rev_count": 738982,
      "rev_date": "2025-01-16T21:27:11Z",
      "scrape_date": "2025-01-18T00:14:56Z",
      "stabilities": [
        "unstable"
      ],
      "unfree": false,
      "version": "nodejs-22.11.0",
      "outputs_to_install": [
        "out"
      ],
      "outputs": {
        "libv8": "/nix/store/m3rxxwm6jp95kjmh4rklqn0d76biz6wm-nodejs-22.11.0-libv8",
        "out": "/nix/store/9vkabbbbyfn8hv5l1r8fm59d27imq460-nodejs-22.11.0"
      },
      "system": "aarch64-darwin",
      "group": "toplevel",
      "priority": 5
    },
    {
      "attr_path": "nodejs_22",
      "broken": false,
      "derivation": "/nix/store/j5x3l2jg2rbaadr226bds3v4hbxplh4d-nodejs-22.11.0.drv",
      "description": "Event-driven I/O framework for the V8 JavaScript engine",
      "install_id": "nodejs_22",
      "license": "MIT",
      "locked_url": "https://github.com/flox/nixpkgs?rev=5df43628fdf08d642be8ba5b3625a6c70731c19c",
      "name": "nodejs-22.11.0",
      "pname": "nodejs_22",
      "rev": "5df43628fdf08d642be8ba5b3625a6c70731c19c",
      "rev_count": 738982,
      "rev_date": "2025-01-16T21:27:11Z",
      "scrape_date": "2025-01-18T00:14:56Z",
      "stabilities": [
        "unstable"
      ],
      "unfree": false,
      "version": "nodejs-22.11.0",
      "outputs_to_install": [
        "out"
      ],
      "outputs": {
        "libv8": "/nix/store/0xiwppqyszilzy9cg71c26fxg5qcxh89-nodejs-22.11.0-libv8",
        "out": "/nix/store/z2lznj5fq0wagkhj7nkgmb5yr4gyv0ws-nodejs-22.11.0"
      },
      "system": "aarch64-linux",
      "group": "toplevel",
      "priority": 5
    },
    {
      "attr_path": "nodejs_22",
      "broken": false,
      "derivation": "/nix/store/mzj668n7kjkcb85n62g1kfpjpmx4ad98-nodejs-22.11.0.drv",
      "description": "Event-driven I/O framework for the V8 JavaScript engine",
      "install_id": "nodejs_22",
      "license": "MIT",
      "locked_url": "https://github.com/flox/nixpkgs?rev=5df43628fdf08d642be8ba5b3625a6c70731c19c",
      "name": "nodejs-22.11.0",
      "pname": "nodejs_22",
      "rev": "5df43628fdf08d642be8ba5b3625a6c70731c19c",
      "rev_count": 738982,
      "rev_date": "2025-01-16T21:27:11Z",
      "scrape_date": "2025-01-18T00:14:56Z",
      "stabilities": [
        "unstable"
      ],
      "unfree": false,
      "version": "nodejs-22.11.0",
      "outputs_to_install": [
        "out"
      ],
      "outputs": {
        "libv8": "/nix/store/mm87n14lp5akdjlfwh1yg4l93zm8gv9h-nodejs-22.11.0-libv8",
        "out": "/nix/store/s81s2z275wnjazk4ij3zvn6kslfa5ipf-nodejs-22.11.0"
      },
      "system": "x86_64-darwin",
      "group": "toplevel",
      "priority": 5
    },
    {
      "attr_path": "nodejs_22",
      "broken": false,
      "derivation": "/nix/store/dy56ll2a0b7gg40jl8fzv759yqcalnwh-nodejs-22.11.0.drv",
      "description": "Event-driven I/O framework for the V8 JavaScript engine",
      "install_id": "nodejs_22",
      "license": "MIT",
      "locked_url": "https://github.com/flox/nixpkgs?rev=5df43628fdf08d642be8ba5b3625a6c70731c19c",
      "name": "nodejs-22.11.0",
      "pname": "nodejs_22",
      "rev": "5df43628fdf08d642be8ba5b3625a6c70731c19c",
      "rev_count": 738982,
      "rev_date": "2025-01-16T21:27:11Z",
      "scrape_date": "2025-01-18T00:14:56Z",
      "stabilities": [
        "unstable"
      ],
      "unfree": false,
      "version": "nodejs-22.11.0",
      "outputs_to_install": [
        "out"
      ],
      "outputs": {
        "libv8": "/nix/store/fyaac3q8qn3zfxy72airfabm3dakmgf5-nodejs-22.11.0-libv8",
        "out": "/nix/store/fkyp1bm5gll9adnfcj92snyym524mdrj-nodejs-22.11.0"
      },
      "system": "x86_64-linux",
      "group": "toplevel",
      "priority": 5
    },
    {
      "attr_path": "yarn",
      "broken": false,
      "derivation": "/nix/store/dr0f0r0silq2jn8cr05bmlb1fxhvhiw3-yarn-1.22.22.drv",
      "description": "Fast, reliable, and secure dependency management for javascript",
      "install_id": "yarn",
      "license": "BSD-2-Clause",
      "locked_url": "https://github.com/flox/nixpkgs?rev=5df43628fdf08d642be8ba5b3625a6c70731c19c",
      "name": "yarn-1.22.22",
      "pname": "yarn",
      "rev": "5df43628fdf08d642be8ba5b3625a6c70731c19c",
      "rev_count": 738982,
      "rev_date": "2025-01-16T21:27:11Z",
      "scrape_date": "2025-01-18T00:14:56Z",
      "stabilities": [
        "unstable"
      ],
      "unfree": false,
      "version": "1.22.22",
      "outputs_to_install": [
        "out"
      ],
      "outputs": {
        "out": "/nix/store/jcbyc2k0vkkm862r7f9nwxaa69khfr3h-yarn-1.22.22"
      },
      "system": "aarch64-darwin",
      "group": "toplevel",
      "priority": 5
    },
    {
      "attr_path": "yarn",
      "broken": false,
      "derivation": "/nix/store/8z323av5jfqarxqwqsc8ib4kpmda3mpd-yarn-1.22.22.drv",
      "description": "Fast, reliable, and secure dependency management for javascript",
      "install_id": "yarn",
      "license": "BSD-2-Clause",
      "locked_url": "https://github.com/flox/nixpkgs?rev=5df43628fdf08d642be8ba5b3625a6c70731c19c",
      "name": "yarn-1.22.22",
      "pname": "yarn",
      "rev": "5df43628fdf08d642be8ba5b3625a6c70731c19c",
      "rev_count": 738982,
      "rev_date": "2025-01-16T21:27:11Z",
      "scrape_date": "2025-01-18T00:14:56Z",
      "stabilities": [
        "unstable"
      ],
      "unfree": false,
      "version": "1.22.22",
      "outputs_to_install": [
        "out"
      ],
      "outputs": {
        "out": "/nix/store/sxxpynsiv8mhq1f0gi1d1rzcj2v0af5w-yarn-1.22.22"
      },
      "system": "aarch64-linux",
      "group": "toplevel",
      "priority": 5
    },
    {
      "attr_path": "yarn",
      "broken": false,
      "derivation": "/nix/store/7jx5rh0z3wvc96a5mjjlqi02vsqldy72-yarn-1.22.22.drv",
      "description": "Fast, reliable, and secure dependency management for javascript",
      "install_id": "yarn",
      "license": "BSD-2-Clause",
      "locked_url": "https://github.com/flox/nixpkgs?rev=5df43628fdf08d642be8ba5b3625a6c70731c19c",
      "name": "yarn-1.22.22",
      "pname": "yarn",
      "rev": "5df43628fdf08d642be8ba5b3625a6c70731c19c",
      "rev_count": 738982,
      "rev_date": "2025-01-16T21:27:11Z",
      "scrape_date": "2025-01-18T00:14:56Z",
      "stabilities": [
        "unstable"
      ],
      "unfree": false,
      "version": "1.22.22",
      "outputs_to_install": [
        "out"
      ],
      "outputs": {
        "out": "/nix/store/gw4vlw2qhk94mjwdypqxdzczpml7x1w9-yarn-1.22.22"
      },
      "system": "x86_64-darwin",
      "group": "toplevel",
      "priority": 5
    },
    {
      "attr_path": "yarn",
      "broken": false,
      "derivation": "/nix/store/49kqyqbna5ryw307w5m34vs4fdna14zz-yarn-1.22.22.drv",
      "description": "Fast, reliable, and secure dependency management for javascript",
      "install_id": "yarn",
      "license": "BSD-2-Clause",
      "locked_url": "https://github.com/flox/nixpkgs?rev=5df43628fdf08d642be8ba5b3625a6c70731c19c",
      "name": "yarn-1.22.22",
      "pname": "yarn",
      "rev": "5df43628fdf08d642be8ba5b3625a6c70731c19c",
      "rev_count": 738982,
      "rev_date": "2025-01-16T21:27:11Z",
      "scrape_date": "2025-01-18T00:14:56Z",
      "stabilities": [
        "unstable"
      ],
      "unfree": false,
      "version": "1.22.22",
      "outputs_to_install": [
        "out"
      ],
      "outputs": {
        "out": "/nix/store/h705p6lmismdn6ay2pn04rvcb2p6vl6i-yarn-1.22.22"
      },
      "system": "x86_64-linux",
      "group": "toplevel",
      "priority": 5
    }
  ]
}